
Microsoft Visual Studio Solution File, Format Version 12.00
# Visual Studio Version 16
VisualStudioVersion = 16.0.31624.102
MinimumVisualStudioVersion = 10.0.40219.1
Project("{FAE04EC0-301F-11D3-BF4B-00C04F79EFBC}") = "LinqExamples", "LinqExamples.csproj", "{76C92E9C-17D7-4807-98E5-FF757F6FBFB9}"
EndProject
Global
	GlobalSection(SolutionConfigurationPlatforms) = preSolution
		Debug|Any CPU = Debug|Any CPU
		Release|Any CPU = Release|Any CPU
	EndGlobalSection
	GlobalSection(ProjectConfigurationPlatforms) = postSolution
		{76C92E9C-17D7-4807-98E5-FF757F6FBFB9}.Debug|Any CPU.ActiveCfg = Debug|Any CPU
		{76C92E9C-17D7-4807-98E5-FF757F6FBFB9}.Debug|Any CPU.Build.0 = Debug|Any CPU
		{76C92E9C-17D7-4807-98E5-FF757F6FBFB9}.Release|Any CPU.ActiveCfg = Release|Any CPU
		{76C92E9C-17D7-4807-98E5-FF757F6FBFB9}.Release|Any CPU.Build.0 = Release|Any CPU
	EndGlobalSection
	GlobalSection(SolutionProperties) = preSolution
		HideSolutionNode = FALSE
	EndGlobalSection
	GlobalSection(ExtensibilityGlobals) = postSolution
		SolutionGuid = {E084C7EC-E3EA-42AD-B26B-493808C8009C}
	EndGlobalSection
EndGlobal
